speakeasyVersion: 1.543.1
sources:
    BFL API:
        sourceNamespace: bfl-api
        sourceRevisionDigest: sha256:1bab5c4150945d3163cc4ebb917eafa23d2ca4e0537d68bd9cb33723c959a5b7
        sourceBlobDigest: sha256:7a91809e9ff97b0c17d1024bef520c41470590b53292d7f6b7ba697013df9f69
        tags:
            - latest
            - 0.0.1
targets:
    testdk:
        source: BFL API
        sourceNamespace: bfl-api
        sourceRevisionDigest: sha256:1bab5c4150945d3163cc4ebb917eafa23d2ca4e0537d68bd9cb33723c959a5b7
        sourceBlobDigest: sha256:7a91809e9ff97b0c17d1024bef520c41470590b53292d7f6b7ba697013df9f69
        codeSamplesNamespace: bfl-api-python-code-samples
        codeSamplesRevisionDigest: sha256:dc2a7223fa28304c3154133a395d49f4c80a18e32a60515bde18b7c8d408893a
workflow:
    workflowVersion: 1.0.0
    speakeasyVersion: latest
    sources:
        BFL API:
            inputs:
                - location: /Users/ojusave/Downloads/openapi.json
            registry:
                location: registry.speakeasyapi.dev/test-ttu/test/bfl-api
    targets:
        testdk:
            target: python
            source: BFL API
            publish:
                pypi:
                    token: $pypi_token
            codeSamples:
                registry:
                    location: registry.speakeasyapi.dev/test-ttu/test/bfl-api-python-code-samples
                labelOverride:
                    fixedValue: Python (SDK)
                blocking: false
