speakeasyVersion: 1.543.1
sources:
    BFL API:
        sourceNamespace: bfl-api
        sourceRevisionDigest: sha256:4037cc674dd2d279eeed5435a786b2fe14217807513e91098fecaf4a7c0f0503
        sourceBlobDigest: sha256:7a91809e9ff97b0c17d1024bef520c41470590b53292d7f6b7ba697013df9f69
        tags:
            - latest
            - 0.0.1
targets:
    testdk:
        source: BFL API
        sourceNamespace: bfl-api
        sourceRevisionDigest: sha256:4037cc674dd2d279eeed5435a786b2fe14217807513e91098fecaf4a7c0f0503
        sourceBlobDigest: sha256:7a91809e9ff97b0c17d1024bef520c41470590b53292d7f6b7ba697013df9f69
        codeSamplesNamespace: bfl-api-python-code-samples
        codeSamplesRevisionDigest: sha256:b9b982cc996918f25ab2eadbf8ef44ee75d97aa2449f3730f61eb95981be3a40
workflow:
    workflowVersion: 1.0.0
    speakeasyVersion: latest
    sources:
        BFL API:
            inputs:
                - location: /Users/ojusave/Downloads/openapi.json
            registry:
                location: registry.speakeasyapi.dev/test-ttu/test/bfl-api
    targets:
        testdk:
            target: python
            source: BFL API
            publish:
                pypi:
                    token: $pypi_token
            codeSamples:
                registry:
                    location: registry.speakeasyapi.dev/test-ttu/test/bfl-api-python-code-samples
                labelOverride:
                    fixedValue: Python (SDK)
                blocking: false
